{
  "name": "weiwo-fangyuan",
  "version": "1.0.0",
  "lockfileVersion": 1,
  "requires": true,
  "dependencies": {
    "@dcloudio/uni-ui": {
      "version": "1.0.8",
      "resolved": "https://registry.npmjs.org/@dcloudio/uni-ui/-/uni-ui-1.0.8.tgz",
      "integrity": "sha512-VJ7P3JjsVxIAQp51Uqnz211QwVkfVsXqham0dwyHkB5n3hxwFR95vSIp2naucAEkOWxrGL+GhvhBIl0UrFrtMw=="
    },
    "jweixin-module": {
      "version": "1.4.1",
      "resolved": "https://registry.npmjs.org/jweixin-module/-/jweixin-module-1.4.1.tgz",
      "integrity": "sha512-2R2oa1lYhAsclfjKSf3DP4ZiP1dcrQUbM7aklbeJA+UAg/LS7MqoA6UbTy1cs4sbB34z62K4bKW0Z9iazD8ejg=="
    }
  }
}
